Microsoft Visual Studio Solution File, Format Version 12.00
# Visual Studio Version 17
VisualStudioVersion = 17.5.2.0
MinimumVisualStudioVersion = 10.0.40219.1
Project("{FAE04EC0-301F-11D3-BF4B-00C04F79EFBC}") = "black_hole", "black_hole.csproj", "{3712FFEC-D6C7-CC50-D535-E5C3437ADB5A}"
EndProject
Global
	GlobalSection(SolutionConfigurationPlatforms) = preSolution
		Debug|Any CPU = Debug|Any CPU
		Release|Any CPU = Release|Any CPU
	EndGlobalSection
	GlobalSection(ProjectConfigurationPlatforms) = postSolution
		{3712FFEC-D6C7-CC50-D535-E5C3437ADB5A}.Debug|Any CPU.ActiveCfg = Debug|Any CPU
		{3712FFEC-D6C7-CC50-D535-E5C3437ADB5A}.Debug|Any CPU.Build.0 = Debug|Any CPU
		{3712FFEC-D6C7-CC50-D535-E5C3437ADB5A}.Release|Any CPU.ActiveCfg = Release|Any CPU
		{3712FFEC-D6C7-CC50-D535-E5C3437ADB5A}.Release|Any CPU.Build.0 = Release|Any CPU
	EndGlobalSection
	GlobalSection(SolutionProperties) = preSolution
		HideSolutionNode = FALSE
	EndGlobalSection
	GlobalSection(ExtensibilityGlobals) = postSolution
		SolutionGuid = {765DFB68-7B77-4453-AD89-D8877F32FA5D}
	EndGlobalSection
EndGlobal
